
Microsoft Visual Studio Solution File, Format Version 12.00
# Visual Studio Version 17
VisualStudioVersion = 17.8.34330.188
MinimumVisualStudioVersion = 10.0.40219.1
Project("{FAE04EC0-301F-11D3-BF4B-00C04F79EFBC}") = "DavaoCosplayShopCMS", "DavaoCosplayShopCMS.csproj", "{BEE85EFF-5B6B-4F60-8291-9EC693142B4A}"
EndProject
Global
	GlobalSection(SolutionConfigurationPlatforms) = preSolution
		Debug|Any CPU = Debug|Any CPU
		Release|Any CPU = Release|Any CPU
	EndGlobalSection
	GlobalSection(ProjectConfigurationPlatforms) = postSolution
		{BEE85EFF-5B6B-4F60-8291-9EC693142B4A}.Debug|Any CPU.ActiveCfg = Debug|Any CPU
		{BEE85EFF-5B6B-4F60-8291-9EC693142B4A}.Debug|Any CPU.Build.0 = Debug|Any CPU
		{BEE85EFF-5B6B-4F60-8291-9EC693142B4A}.Release|Any CPU.ActiveCfg = Release|Any CPU
		{BEE85EFF-5B6B-4F60-8291-9EC693142B4A}.Release|Any CPU.Build.0 = Release|Any CPU
	EndGlobalSection
	GlobalSection(SolutionProperties) = preSolution
		HideSolutionNode = FALSE
	EndGlobalSection
	GlobalSection(ExtensibilityGlobals) = postSolution
		SolutionGuid = {6AE42CC8-09A7-48A3-A8A0-80CD5BEF5D8D}
	EndGlobalSection
EndGlobal
